{
  "lockfileVersion": 1,
  "workspaces": {
    "": {
      "name": "video-bot",
      "devDependencies": {
        "@types/node": "^24.6.2",
        "disgroove": "3.0.0-dev.51640ff",
      },
    },
  },
  "packages": {
    "@types/node": ["@types/node@24.7.0", "", { "dependencies": { "undici-types": "~7.14.0" } }, "sha512-IbKooQVqUBrlzWTi79E8Fw78l8k1RNtlDDNWsFZs7XonuQSJ8oNYfEeclhprUldXISRMLzBpILuKgPlIxm+/Yw=="],

    "disgroove": ["disgroove@3.0.0-dev.51640ff", "", { "dependencies": { "ws": "^8.18.3" } }, "sha512-N56+IEOthQA95QSWMHWZQmMlBgohUoMJOdGfagcNNfPBcmVCjGyyGeMl+zKXeGy9pd7u3vMG/yI6k04iHll0+Q=="],

    "undici-types": ["undici-types@7.14.0", "", {}, "sha512-QQiYxHuyZ9gQUIrmPo3IA+hUl4KYk8uSA7cHrcKd/l3p1OTpZcM0Tbp9x7FAtXdAYhlasd60ncPpgu6ihG6TOA=="],

    "ws": ["ws@8.18.3", "", { "peerDependencies": { "bufferutil": "^4.0.1", "utf-8-validate": ">=5.0.2" }, "optionalPeers": ["bufferutil", "utf-8-validate"] }, "sha512-PEIGCY5tSlUt50cqyMXfCzX+oOPqN0vuGqWzbcJ2xvnkzkq46oOpz7dQaTDBdfICb4N14+GARUDw2XV2N4tvzg=="],
  }
}
