{
  "lockfileVersion": 1,
  "workspaces": {
    "": {
      "name": "video-bot",
      "devDependencies": {
        "@types/node": "^24.9.1",
        "disgroove": "3.0.0-dev.51640ff",
      },
    },
  },
  "packages": {
    "@types/node": ["@types/node@24.9.1", "", { "dependencies": { "undici-types": "~7.16.0" } }, "sha512-QoiaXANRkSXK6p0Duvt56W208du4P9Uye9hWLWgGMDTEoKPhuenzNcC4vGUmrNkiOKTlIrBoyNQYNpSwfEZXSg=="],

    "disgroove": ["disgroove@3.0.0-dev.51640ff", "", { "dependencies": { "ws": "^8.18.3" } }, "sha512-N56+IEOthQA95QSWMHWZQmMlBgohUoMJOdGfagcNNfPBcmVCjGyyGeMl+zKXeGy9pd7u3vMG/yI6k04iHll0+Q=="],

    "undici-types": ["undici-types@7.16.0", "", {}, "sha512-Zz+aZWSj8LE6zoxD+xrjh4VfkIG8Ya6LvYkZqtUQGJPZjYl53ypCaUwWqo7eI0x66KBGeRo+mlBEkMSeSZ38Nw=="],

    "ws": ["ws@8.18.3", "", { "peerDependencies": { "bufferutil": "^4.0.1", "utf-8-validate": ">=5.0.2" }, "optionalPeers": ["bufferutil", "utf-8-validate"] }, "sha512-PEIGCY5tSlUt50cqyMXfCzX+oOPqN0vuGqWzbcJ2xvnkzkq46oOpz7dQaTDBdfICb4N14+GARUDw2XV2N4tvzg=="],
  }
}
