{
  "version": "5",
  "specifiers": {
    "jsr:@std/encoding@*": "1.0.10",
    "jsr:@std/internal@^1.0.10": "1.0.10",
    "jsr:@std/path@*": "1.1.2",
    "npm:disgroove@*": "2.2.7",
    "npm:disgroove@^2.2.7": "2.2.7"
  },
  "jsr": {
    "@std/encoding@1.0.10": {
      "integrity": "8783c6384a2d13abd5e9e87a7ae0520a30e9f56aeeaa3bdf910a3eaaf5c811a1"
    },
    "@std/internal@1.0.10": {
      "integrity": "e3be62ce42cab0e177c27698e5d9800122f67b766a0bea6ca4867886cbde8cf7"
    },
    "@std/path@1.1.2": {
      "integrity": "c0b13b97dfe06546d5e16bf3966b1cadf92e1cc83e56ba5476ad8b498d9e3038",
      "dependencies": [
        "jsr:@std/internal"
      ]
    }
  },
  "npm": {
    "disgroove@2.2.7": {
      "integrity": "sha512-qEHPRtpAd4XW48H9VChcKr5SlaTgJRAMuYkl+pv+W+PEUnFrF+gc1JYLpYO6c581Htev0M2UMUqC0SRM8AzBdg==",
      "dependencies": [
        "ws"
      ]
    },
    "ws@8.18.3": {
      "integrity": "sha512-PEIGCY5tSlUt50cqyMXfCzX+oOPqN0vuGqWzbcJ2xvnkzkq46oOpz7dQaTDBdfICb4N14+GARUDw2XV2N4tvzg=="
    }
  },
  "workspace": {
    "dependencies": [
      "jsr:@std/encoding@*",
      "jsr:@std/path@*",
      "npm:disgroove@*",
      "npm:disgroove@^2.2.7"
    ]
  }
}
