{
  "name": "video-bot",
  "lockfileVersion": 3,
  "requires": true,
  "packages": {
    "": {
      "name": "video-bot",
      "dependencies": {
        "typescript": "^5.9.3"
      },
      "devDependencies": {
        "@types/node": "^24.9.1",
        "disgroove": "3.0.0-dev.51640ff"
      }
    },
    "node_modules/@types/node": {
      "version": "24.9.1",
      "dev": true,
      "license": "MIT",
      "dependencies": {
        "undici-types": "~7.16.0"
      }
    },
    "node_modules/disgroove": {
      "version": "3.0.0-dev.51640ff",
      "dev": true,
      "license": "MIT",
      "dependencies": {
        "ws": "^8.18.3"
      }
    },
    "node_modules/typescript": {
      "version": "5.9.3",
      "resolved": "https://registry.npmjs.org/typescript/-/typescript-5.9.3.tgz",
      "integrity": "sha512-jl1vZzPDinLr9eUt3J/t7V6FgNEw9QjvBPdysz9KfQDD41fQrC2Y4vKQdiaUpFT4bXlb1RHhLpp8wtm6M5TgSw==",
      "license": "Apache-2.0",
      "bin": {
        "tsc": "bin/tsc",
        "tsserver": "bin/tsserver"
      },
      "engines": {
        "node": ">=14.17"
      }
    },
    "node_modules/undici-types": {
      "version": "7.16.0",
      "dev": true,
      "license": "MIT"
    },
    "node_modules/ws": {
      "version": "8.18.3",
      "dev": true,
      "license": "MIT",
      "engines": {
        "node": ">=10.0.0"
      },
      "peerDependencies": {
        "bufferutil": "^4.0.1",
        "utf-8-validate": ">=5.0.2"
      },
      "peerDependenciesMeta": {
        "bufferutil": {
          "optional": true
        },
        "utf-8-validate": {
          "optional": true
        }
      }
    }
  }
}
